
Microsoft Visual Studio Solution File, Format Version 12.00
# Visual Studio Version 17
VisualStudioVersion = 17.5.002.0
MinimumVisualStudioVersion = 10.0.40219.1
Project("{9A19103F-16F7-4668-BE54-9A1E7A4F7556}") = "MauiTest", "MauiTest.csproj", "{0D3D60EC-6127-4887-A249-67BBBD15CEA8}"
EndProject
Global
	GlobalSection(SolutionConfigurationPlatforms) = preSolution
		Debug|Any CPU = Debug|Any CPU
		Release|Any CPU = Release|Any CPU
	EndGlobalSection
	GlobalSection(ProjectConfigurationPlatforms) = postSolution
		{0D3D60EC-6127-4887-A249-67BBBD15CEA8}.Debug|Any CPU.ActiveCfg = Debug|Any CPU
		{0D3D60EC-6127-4887-A249-67BBBD15CEA8}.Debug|Any CPU.Build.0 = Debug|Any CPU
		{0D3D60EC-6127-4887-A249-67BBBD15CEA8}.Release|Any CPU.ActiveCfg = Release|Any CPU
		{0D3D60EC-6127-4887-A249-67BBBD15CEA8}.Release|Any CPU.Build.0 = Release|Any CPU
	EndGlobalSection
	GlobalSection(SolutionProperties) = preSolution
		HideSolutionNode = FALSE
	EndGlobalSection
	GlobalSection(ExtensibilityGlobals) = postSolution
		SolutionGuid = {F48B8687-F00D-4983-B64D-6EC5191A90C0}
	EndGlobalSection
EndGlobal
